
Microsoft Visual Studio Solution File, Format Version 12.00
# Visual Studio Version 17
VisualStudioVersion = 17.2.32630.192
MinimumVisualStudioVersion = 10.0.40219.1
Project("{FAE04EC0-301F-11D3-BF4B-00C04F79EFBC}") = "SparseCheckoutSolution", "SparseCheckoutSolution\SparseCheckoutSolution.csproj", "{99D2BFC8-5431-4A7E-B6C1-3B41FFC5C80B}"
EndProject
Project("{FAE04EC0-301F-11D3-BF4B-00C04F79EFBC}") = "SparseCheckoutSolution2", "SparseCheckoutSolution2\SparseCheckoutSolution2.csproj", "{EC1DDBE0-C009-43BF-BD69-31EF46CA994E}"
EndProject
Project("{FAE04EC0-301F-11D3-BF4B-00C04F79EFBC}") = "SparseCheckoutSolution3", "SparseCheckoutSolution3\SparseCheckoutSolution3.csproj", "{F41E1709-FA76-4861-B6FB-580017173AE9}"
EndProject
Global
	GlobalSection(SolutionConfigurationPlatforms) = preSolution
		Debug|Any CPU = Debug|Any CPU
		Release|Any CPU = Release|Any CPU
	EndGlobalSection
	GlobalSection(ProjectConfigurationPlatforms) = postSolution
		{99D2BFC8-5431-4A7E-B6C1-3B41FFC5C80B}.Debug|Any CPU.ActiveCfg = Debug|Any CPU
		{99D2BFC8-5431-4A7E-B6C1-3B41FFC5C80B}.Debug|Any CPU.Build.0 = Debug|Any CPU
		{99D2BFC8-5431-4A7E-B6C1-3B41FFC5C80B}.Release|Any CPU.ActiveCfg = Release|Any CPU
		{99D2BFC8-5431-4A7E-B6C1-3B41FFC5C80B}.Release|Any CPU.Build.0 = Release|Any CPU
		{EC1DDBE0-C009-43BF-BD69-31EF46CA994E}.Debug|Any CPU.ActiveCfg = Debug|Any CPU
		{EC1DDBE0-C009-43BF-BD69-31EF46CA994E}.Debug|Any CPU.Build.0 = Debug|Any CPU
		{EC1DDBE0-C009-43BF-BD69-31EF46CA994E}.Release|Any CPU.ActiveCfg = Release|Any CPU
		{EC1DDBE0-C009-43BF-BD69-31EF46CA994E}.Release|Any CPU.Build.0 = Release|Any CPU
		{F41E1709-FA76-4861-B6FB-580017173AE9}.Debug|Any CPU.ActiveCfg = Debug|Any CPU
		{F41E1709-FA76-4861-B6FB-580017173AE9}.Debug|Any CPU.Build.0 = Debug|Any CPU
		{F41E1709-FA76-4861-B6FB-580017173AE9}.Release|Any CPU.ActiveCfg = Release|Any CPU
		{F41E1709-FA76-4861-B6FB-580017173AE9}.Release|Any CPU.Build.0 = Release|Any CPU
	EndGlobalSection
	GlobalSection(SolutionProperties) = preSolution
		HideSolutionNode = FALSE
	EndGlobalSection
	GlobalSection(ExtensibilityGlobals) = postSolution
		SolutionGuid = {B146B598-AC09-42B8-8138-598B27179352}
	EndGlobalSection
EndGlobal
